# THIS IS AN AUTOGENERATED FILE. DO NOT EDIT THIS FILE DIRECTLY.
# yarn lockfile v1


"@types/node@^7.0.31":
  version "7.0.52"
  resolved "http://registry.npm.taobao.org/@types/node/download/@types/node-7.0.52.tgz#8990d3350375542b0c21a83cd0331e6a8fc86716"

ajv@^5.1.0:
  version "5.5.2"
  resolved "http://registry.npm.taobao.org/ajv/download/ajv-5.5.2.tgz#73b5eeca3fab653e3d3f9422b341ad42205dc965"
  dependencies:
    co "^4.6.0"
    fast-deep-equal "^1.0.0"
    fast-json-stable-stringify "^2.0.0"
    json-schema-traverse "^0.3.0"

amdefine@~0.0.4:
  version "0.0.8"
  resolved "http://registry.npm.taobao.org/amdefine/download/amdefine-0.0.8.tgz#34dc8c981e6acb3be1853bef8f0ec94a39d55ba0"

api-spec-transformer@0.2.6:
  version "0.2.6"
  resolved "http://registry.npm.taobao.org/api-spec-transformer/download/api-spec-transformer-0.2.6.tgz#655357cf894f294e1e7f03064997fb8ad1803bc6"
  dependencies:
    js-yaml "3.x.x"
    json-schema-compatibility "1.x.x"
    json-schema-generator stoplightio/json-schema-generator
    jsonschema "1.x.x"
    lodash "4.x.x"
    raml-1-parser "1.1.x"
    request "2.x.x"
    swagger-parser "4.0.0-beta.2"

argparse@^1.0.7:
  version "1.0.9"
  resolved "http://registry.npm.taobao.org/argparse/download/argparse-1.0.9.tgz#73d83bc263f86e97f8cc4f6bae1b0e90a7d22c86"
  dependencies:
    sprintf-js "~1.0.2"

asn1@~0.2.3:
  version "0.2.3"
  resolved "http://registry.npm.taobao.org/asn1/download/asn1-0.2.3.tgz#dac8787713c9966849fc8180777ebe9c1ddf3b86"

assert-plus@1.0.0, assert-plus@^1.0.0:
  version "1.0.0"
  resolved "http://registry.npm.taobao.org/assert-plus/download/assert-plus-1.0.0.tgz#f12e0f3c5d77b0b1cdd9146942e4e96c1e4dd525"

asynckit@^0.4.0:
  version "0.4.0"
  resolved "http://registry.npm.taobao.org/asynckit/download/asynckit-0.4.0.tgz#c79ed97f7f34cb8f2ba1bc9790bcc366474b4b79"

aws-sign2@~0.7.0:
  version "0.7.0"
  resolved "http://registry.npm.taobao.org/aws-sign2/download/aws-sign2-0.7.0.tgz#b46e890934a9591f2d2f6f86d7e6a9f1b3fe76a8"

aws4@^1.6.0:
  version "1.6.0"
  resolved "http://registry.npm.taobao.org/aws4/download/aws4-1.6.0.tgz#83ef5ca860b2b32e4a0deedee8c771b9db57471e"

base64url@2.0.0:
  version "2.0.0"
  resolved "http://registry.npm.taobao.org/base64url/download/base64url-2.0.0.tgz#eac16e03ea1438eff9423d69baa36262ed1f70bb"

bcrypt-pbkdf@^1.0.0:
  version "1.0.1"
  resolved "http://registry.npm.taobao.org/bcrypt-pbkdf/download/bcrypt-pbkdf-1.0.1.tgz#63bc5dcb61331b92bc05fd528953c33462a06f8d"
  dependencies:
    tweetnacl "^0.14.3"

bignumber.js@4.1.0:
  version "4.1.0"
  resolved "http://registry.npm.taobao.org/bignumber.js/download/bignumber.js-4.1.0.tgz#db6f14067c140bd46624815a7916c92d9b6c24b1"

bluebird@*:
  version "3.5.1"
  resolved "http://registry.npm.taobao.org/bluebird/download/bluebird-3.5.1.tgz#d9551f9de98f1fcda1e683d17ee91a0602ee2eb9"

boom@4.x.x:
  version "4.3.1"
  resolved "http://registry.npm.taobao.org/boom/download/boom-4.3.1.tgz#4f8a3005cb4a7e3889f749030fd25b96e01d2e31"
  dependencies:
    hoek "4.x.x"

boom@5.x.x:
  version "5.2.0"
  resolved "http://registry.npm.taobao.org/boom/download/boom-5.2.0.tgz#5dd9da6ee3a5f302077436290cb717d3f4a54e02"
  dependencies:
    hoek "4.x.x"

call-me-maybe@^1.0.1:
  version "1.0.1"
  resolved "http://registry.npm.taobao.org/call-me-maybe/download/call-me-maybe-1.0.1.tgz#26d208ea89e37b5cbde60250a15f031c16a4d66b"

camel-case@^3.0.0:
  version "3.0.0"
  resolved "http://registry.npm.taobao.org/camel-case/download/camel-case-3.0.0.tgz#ca3c3688a4e9cf3a4cda777dc4dcbc713249cf73"
  dependencies:
    no-case "^2.2.0"
    upper-case "^1.1.1"

caseless@~0.12.0:
  version "0.12.0"
  resolved "http://registry.npm.taobao.org/caseless/download/caseless-0.12.0.tgz#1b681c21ff84033c826543090689420d187151dc"

change-case@3.0.1:
  version "3.0.1"
  resolved "http://registry.npm.taobao.org/change-case/download/change-case-3.0.1.tgz#ee5f5ad0415ad1ad9e8072cf49cd4cfa7660a554"
  dependencies:
    camel-case "^3.0.0"
    constant-case "^2.0.0"
    dot-case "^2.1.0"
    header-case "^1.0.0"
    is-lower-case "^1.1.0"
    is-upper-case "^1.1.0"
    lower-case "^1.1.1"
    lower-case-first "^1.0.0"
    no-case "^2.2.0"
    param-case "^2.1.0"
    pascal-case "^2.0.0"
    path-case "^2.1.0"
    sentence-case "^2.1.0"
    snake-case "^2.1.0"
    swap-case "^1.1.0"
    title-case "^2.1.0"
    upper-case "^1.1.1"
    upper-case-first "^1.1.0"

co@^4.6.0:
  version "4.6.0"
  resolved "http://registry.npm.taobao.org/co/download/co-4.6.0.tgz#6ea6bdf3d853ae54ccb8e47bfa0bf3f9031fb184"

combined-stream@^1.0.5, combined-stream@~1.0.5:
  version "1.0.5"
  resolved "http://registry.npm.taobao.org/combined-stream/download/combined-stream-1.0.5.tgz#938370a57b4a51dea2c77c15d5c5fdf895164009"
  dependencies:
    delayed-stream "~1.0.0"

commander@^2.7.1:
  version "2.13.0"
  resolved "http://registry.npm.taobao.org/commander/download/commander-2.13.0.tgz#6964bca67685df7c1f1430c584f07d7597885b9c"

constant-case@^2.0.0:
  version "2.0.0"
  resolved "http://registry.npm.taobao.org/constant-case/download/constant-case-2.0.0.tgz#4175764d389d3fa9c8ecd29186ed6005243b6a46"
  dependencies:
    snake-case "^2.1.0"
    upper-case "^1.1.1"

core-util-is@1.0.2:
  version "1.0.2"
  resolved "http://registry.npm.taobao.org/core-util-is/download/core-util-is-1.0.2.tgz#b5fd54220aa2bc5ab57aab7140c940754503c1a7"

cryptiles@3.x.x:
  version "3.1.2"
  resolved "http://registry.npm.taobao.org/cryptiles/download/cryptiles-3.1.2.tgz#a89fbb220f5ce25ec56e8c4aa8a4fd7b5b0d29fe"
  dependencies:
    boom "5.x.x"

dashdash@^1.12.0:
  version "1.14.1"
  resolved "http://registry.npm.taobao.org/dashdash/download/dashdash-1.14.1.tgz#853cfa0f7cbe2fed5de20326b8dd581035f6e2f0"
  dependencies:
    assert-plus "^1.0.0"

date-and-time@0.5.0:
  version "0.5.0"
  resolved "http://registry.npm.taobao.org/date-and-time/download/date-and-time-0.5.0.tgz#48a1538c09289188746311fc1f0c7b3351736d48"

debug@^2.2.0:
  version "2.6.9"
  resolved "http://registry.npm.taobao.org/debug/download/debug-2.6.9.tgz#5d128515df134ff327e90a4c93f4e077a536341f"
  dependencies:
    ms "2.0.0"

debug@^3.0.0:
  version "3.1.0"
  resolved "http://registry.npm.taobao.org/debug/download/debug-3.1.0.tgz#5bb5a0672628b64149566ba16819e61518c67261"
  dependencies:
    ms "2.0.0"

delayed-stream@~1.0.0:
  version "1.0.0"
  resolved "http://registry.npm.taobao.org/delayed-stream/download/delayed-stream-1.0.0.tgz#df3ae199acadfb7d440aaae0b29e2272b24ec619"

dot-case@^2.1.0:
  version "2.1.1"
  resolved "http://registry.npm.taobao.org/dot-case/download/dot-case-2.1.1.tgz#34dcf37f50a8e93c2b3bca8bb7fb9155c7da3bee"
  dependencies:
    no-case "^2.2.0"

ecc-jsbn@~0.1.1:
  version "0.1.1"
  resolved "http://registry.npm.taobao.org/ecc-jsbn/download/ecc-jsbn-0.1.1.tgz#0fc73a9ed5f0d53c38193398523ef7e543777505"
  dependencies:
    jsbn "~0.1.0"

es6-promise@^3.1.2:
  version "3.3.1"
  resolved "http://registry.npm.taobao.org/es6-promise/download/es6-promise-3.3.1.tgz#a08cdde84ccdbf34d027a1451bc91d4bcd28a613"

es6-promise@^4.1.1:
  version "4.2.4"
  resolved "http://registry.npm.taobao.org/es6-promise/download/es6-promise-4.2.4.tgz#dc4221c2b16518760bd8c39a52d8f356fc00ed29"

esprima@^4.0.0:
  version "4.0.0"
  resolved "http://registry.npm.taobao.org/esprima/download/esprima-4.0.0.tgz#4499eddcd1110e0b218bacf2fa7f7f59f55ca804"

extend@~3.0.1:
  version "3.0.1"
  resolved "http://registry.npm.taobao.org/extend/download/extend-3.0.1.tgz#a755ea7bc1adfcc5a31ce7e762dbaadc5e636444"

extsprintf@1.3.0:
  version "1.3.0"
  resolved "http://registry.npm.taobao.org/extsprintf/download/extsprintf-1.3.0.tgz#96918440e3041a7a414f8c52e3c574eb3c3e1e05"

extsprintf@^1.2.0:
  version "1.4.0"
  resolved "http://registry.npm.taobao.org/extsprintf/download/extsprintf-1.4.0.tgz#e2689f8f356fad62cca65a3a91c5df5f9551692f"

fast-deep-equal@^1.0.0:
  version "1.0.0"
  resolved "http://registry.npm.taobao.org/fast-deep-equal/download/fast-deep-equal-1.0.0.tgz#96256a3bc975595eb36d82e9929d060d893439ff"

fast-json-stable-stringify@^2.0.0:
  version "2.0.0"
  resolved "http://registry.npm.taobao.org/fast-json-stable-stringify/download/fast-json-stable-stringify-2.0.0.tgz#d5142c0caee6b1189f87d3a76111064f86c8bbf2"

forever-agent@~0.6.1:
  version "0.6.1"
  resolved "http://registry.npm.taobao.org/forever-agent/download/forever-agent-0.6.1.tgz#fbc71f0c41adeb37f96c577ad1ed42d8fdacca91"

form-data@~2.3.1:
  version "2.3.1"
  resolved "http://registry.npm.taobao.org/form-data/download/form-data-2.3.1.tgz#6fb94fbd71885306d73d15cc497fe4cc4ecd44bf"
  dependencies:
    asynckit "^0.4.0"
    combined-stream "^1.0.5"
    mime-types "^2.1.12"

format-util@^1.0.3:
  version "1.0.3"
  resolved "http://registry.npm.taobao.org/format-util/download/format-util-1.0.3.tgz#032dca4a116262a12c43f4c3ec8566416c5b2d95"

fs-extra@4.0.2:
  version "4.0.2"
  resolved "http://registry.npm.taobao.org/fs-extra/download/fs-extra-4.0.2.tgz#f91704c53d1b461f893452b0c307d9997647ab6b"
  dependencies:
    graceful-fs "^4.1.2"
    jsonfile "^4.0.0"
    universalify "^0.1.0"

getpass@^0.1.1:
  version "0.1.7"
  resolved "http://registry.npm.taobao.org/getpass/download/getpass-0.1.7.tgz#5eff8e3e684d569ae4cb2b1282604e8ba62149fa"
  dependencies:
    assert-plus "^1.0.0"

graceful-fs@^4.1.2, graceful-fs@^4.1.6:
  version "4.1.11"
  resolved "http://registry.npm.taobao.org/graceful-fs/download/graceful-fs-4.1.11.tgz#0e8bdfe4d1ddb8854d64e04ea7c00e2a026e5658"

har-schema@^2.0.0:
  version "2.0.0"
  resolved "http://registry.npm.taobao.org/har-schema/download/har-schema-2.0.0.tgz#a94c2224ebcac04782a0d9035521f24735b7ec92"

har-validator@~5.0.3:
  version "5.0.3"
  resolved "http://registry.npm.taobao.org/har-validator/download/har-validator-5.0.3.tgz#ba402c266194f15956ef15e0fcf242993f6a7dfd"
  dependencies:
    ajv "^5.1.0"
    har-schema "^2.0.0"

hawk@~6.0.2:
  version "6.0.2"
  resolved "http://registry.npm.taobao.org/hawk/download/hawk-6.0.2.tgz#af4d914eb065f9b5ce4d9d11c1cb2126eecc3038"
  dependencies:
    boom "4.x.x"
    cryptiles "3.x.x"
    hoek "4.x.x"
    sntp "2.x.x"

header-case@^1.0.0:
  version "1.0.1"
  resolved "http://registry.npm.taobao.org/header-case/download/header-case-1.0.1.tgz#9535973197c144b09613cd65d317ef19963bd02d"
  dependencies:
    no-case "^2.2.0"
    upper-case "^1.1.3"

hoek@4.x.x:
  version "4.2.0"
  resolved "http://registry.npm.taobao.org/hoek/download/hoek-4.2.0.tgz#72d9d0754f7fe25ca2d01ad8f8f9a9449a89526d"

http-response-object@2.0.3:
  version "2.0.3"
  resolved "http://registry.npm.taobao.org/http-response-object/download/http-response-object-2.0.3.tgz#530a48c3b6b683be2398fc42417f7c54f8b401a8"
  dependencies:
    "@types/node" "^7.0.31"

http-signature@~1.2.0:
  version "1.2.0"
  resolved "http://registry.npm.taobao.org/http-signature/download/http-signature-1.2.0.tgz#9aecd925114772f3d95b65a60abb8f7c18fbace1"
  dependencies:
    assert-plus "^1.0.0"
    jsprim "^1.2.2"
    sshpk "^1.7.0"

invariant@2.2.2:
  version "2.2.2"
  resolved "http://registry.npm.taobao.org/invariant/download/invariant-2.2.2.tgz#9e1f56ac0acdb6bf303306f338be3b204ae60360"
  dependencies:
    loose-envify "^1.0.0"

is-lower-case@^1.1.0:
  version "1.1.3"
  resolved "http://registry.npm.taobao.org/is-lower-case/download/is-lower-case-1.1.3.tgz#7e147be4768dc466db3bfb21cc60b31e6ad69393"
  dependencies:
    lower-case "^1.1.0"

is-typedarray@~1.0.0:
  version "1.0.0"
  resolved "http://registry.npm.taobao.org/is-typedarray/download/is-typedarray-1.0.0.tgz#e479c80858df0c1b11ddda6940f96011fcda4a9a"

is-upper-case@^1.1.0:
  version "1.1.2"
  resolved "http://registry.npm.taobao.org/is-upper-case/download/is-upper-case-1.1.2.tgz#8d0b1fa7e7933a1e58483600ec7d9661cbaf756f"
  dependencies:
    upper-case "^1.1.0"

isstream@~0.1.2:
  version "0.1.2"
  resolved "http://registry.npm.taobao.org/isstream/download/isstream-0.1.2.tgz#47e63f7af55afa6f92e1500e690eb8b8529c099a"

js-tokens@^3.0.0:
  version "3.0.2"
  resolved "http://registry.npm.taobao.org/js-tokens/download/js-tokens-3.0.2.tgz#9866df395102130e38f7f996bceb65443209c25b"

js-yaml@3.x.x, js-yaml@^3.9.1:
  version "3.10.0"
  resolved "http://registry.npm.taobao.org/js-yaml/download/js-yaml-3.10.0.tgz#2e78441646bd4682e963f22b6e92823c309c62dc"
  dependencies:
    argparse "^1.0.7"
    esprima "^4.0.0"

jsbn@~0.1.0:
  version "0.1.1"
  resolved "http://registry.npm.taobao.org/jsbn/download/jsbn-0.1.1.tgz#a5e654c2e5a2deb5f201d96cefbca80c0ef2f513"

json-path@0.1.3:
  version "0.1.3"
  resolved "http://registry.npm.taobao.org/json-path/download/json-path-0.1.3.tgz#dce61357b3b281b28ac647ec0a709bc58a155bf8"
  dependencies:
    json-ptr "~0.1.1"

json-promise@^1.1.8:
  version "1.1.8"
  resolved "http://registry.npm.taobao.org/json-promise/download/json-promise-1.1.8.tgz#7b74120422d16ddb449aa3170403fc69ad416402"
  dependencies:
    bluebird "*"

json-ptr@~0.1.1:
  version "0.1.1"
  resolved "http://registry.npm.taobao.org/json-ptr/download/json-ptr-0.1.1.tgz#bab82a31e292ce7af9e3fc7fd65acd1bbb9248e8"

json-schema-compatibility@1.1.0, json-schema-compatibility@1.x.x:
  version "1.1.0"
  resolved "http://registry.npm.taobao.org/json-schema-compatibility/download/json-schema-compatibility-1.1.0.tgz#1a8981778cda0c38187298d999d089e51af282df"

"json-schema-generator@github:stoplightio/json-schema-generator":
  version "2.0.3"
  resolved "https://codeload.github.com/stoplightio/json-schema-generator/tar.gz/3b943f14e3278ecbd4b9c9e40365c6eefd23db2d"
  dependencies:
    json-promise "^1.1.8"
    mkdirp "^0.5.0"
    optimist "^0.6.1"
    pretty-data "^0.40.0"
    request "^2.47.0"

json-schema-ref-parser@^3.1.1:
  version "3.3.1"
  resolved "http://registry.npm.taobao.org/json-schema-ref-parser/download/json-schema-ref-parser-3.3.1.tgz#86e751b8099357bf601a7cfe42d10123ee906a32"
  dependencies:
    call-me-maybe "^1.0.1"
    debug "^3.0.0"
    es6-promise "^4.1.1"
    js-yaml "^3.9.1"
    ono "^4.0.2"
    z-schema "^3.18.2"

json-schema-traverse@^0.3.0:
  version "0.3.1"
  resolved "http://registry.npm.taobao.org/json-schema-traverse/download/json-schema-traverse-0.3.1.tgz#349a6d44c53a51de89b40805c5d5e59b417d3340"

json-schema@0.2.3:
  version "0.2.3"
  resolved "http://registry.npm.taobao.org/json-schema/download/json-schema-0.2.3.tgz#b480c892e59a2f05954ce727bd3f2a4e882f9e13"

json-stable-stringify@1.0.1:
  version "1.0.1"
  resolved "http://registry.npm.taobao.org/json-stable-stringify/download/json-stable-stringify-1.0.1.tgz#9a759d39c5f2ff503fd5300646ed445f88c4f9af"
  dependencies:
    jsonify "~0.0.0"

json-stringify-safe@~5.0.1:
  version "5.0.1"
  resolved "http://registry.npm.taobao.org/json-stringify-safe/download/json-stringify-safe-5.0.1.tgz#1296a2d58fd45f19a0f6ce01d65701e2c735b6eb"

json-to-ast@2.0.0-alpha1.3:
  version "2.0.0-alpha1.3"
  resolved "http://registry.npm.taobao.org/json-to-ast/download/json-to-ast-2.0.0-alpha1.3.tgz#690aa78035d3a7b72d5193f1b4c08f9bb0d7e2c8"

jsonfile@^4.0.0:
  version "4.0.0"
  resolved "http://registry.npm.taobao.org/jsonfile/download/jsonfile-4.0.0.tgz#8771aae0799b64076b76640fca058f9c10e33ecb"
  optionalDependencies:
    graceful-fs "^4.1.6"

jsonify@~0.0.0:
  version "0.0.0"
  resolved "http://registry.npm.taobao.org/jsonify/download/jsonify-0.0.0.tgz#2c74b6ee41d93ca51b7b5aaee8f503631d252a73"

jsonschema@1.x.x:
  version "1.2.2"
  resolved "http://registry.npm.taobao.org/jsonschema/download/jsonschema-1.2.2.tgz#83ab9c63d65bf4d596f91d81195e78772f6452bc"

jsprim@^1.2.2:
  version "1.4.1"
  resolved "http://registry.npm.taobao.org/jsprim/download/jsprim-1.4.1.tgz#313e66bc1e5cc06e438bc1b7499c2e5c56acb6a2"
  dependencies:
    assert-plus "1.0.0"
    extsprintf "1.3.0"
    json-schema "0.2.3"
    verror "1.10.0"

know-your-http-well@0.5.0:
  version "0.5.0"
  resolved "http://registry.npm.taobao.org/know-your-http-well/download/know-your-http-well-0.5.0.tgz#5d039003104799a9d77fc2998cfd539675b256be"
  dependencies:
    amdefine "~0.0.4"

lodash.get@^4.0.0:
  version "4.4.2"
  resolved "http://registry.npm.taobao.org/lodash.get/download/lodash.get-4.4.2.tgz#2d177f652fa31e939b4438d5341499dfa3825e99"

lodash.isequal@^4.0.0:
  version "4.5.0"
  resolved "http://registry.npm.taobao.org/lodash.isequal/download/lodash.isequal-4.5.0.tgz#415c4478f2bcc30120c22ce10ed3226f7d3e18e0"

lodash@4.x.x:
  version "4.17.4"
  resolved "http://registry.npm.taobao.org/lodash/download/lodash-4.17.4.tgz#78203a4d1c328ae1d86dca6460e369b57f4055ae"

loophole@1.1.0:
  version "1.1.0"
  resolved "http://registry.npm.taobao.org/loophole/download/loophole-1.1.0.tgz#37949fea453b6256acc725c320ce0c5a7f70a2bd"

loose-envify@^1.0.0:
  version "1.3.1"
  resolved "http://registry.npm.taobao.org/loose-envify/download/loose-envify-1.3.1.tgz#d1a8ad33fa9ce0e713d65fdd0ac8b748d478c848"
  dependencies:
    js-tokens "^3.0.0"

lower-case-first@^1.0.0:
  version "1.0.2"
  resolved "http://registry.npm.taobao.org/lower-case-first/download/lower-case-first-1.0.2.tgz#e5da7c26f29a7073be02d52bac9980e5922adfa1"
  dependencies:
    lower-case "^1.1.2"

lower-case@^1.1.0, lower-case@^1.1.1, lower-case@^1.1.2:
  version "1.1.4"
  resolved "http://registry.npm.taobao.org/lower-case/download/lower-case-1.1.4.tgz#9a2cabd1b9e8e0ae993a4bf7d5875c39c42e8eac"

lrucache@1.0.3:
  version "1.0.3"
  resolved "http://registry.npm.taobao.org/lrucache/download/lrucache-1.0.3.tgz#3b1ded0d1ba82e188b9bdaba9eee6486f864a434"

media-typer@0.3.0:
  version "0.3.0"
  resolved "http://registry.npm.taobao.org/media-typer/download/media-typer-0.3.0.tgz#8710d7af0aa626f8fffa1ce00168545263255748"

mime-db@~1.30.0:
  version "1.30.0"
  resolved "http://registry.npm.taobao.org/mime-db/download/mime-db-1.30.0.tgz#74c643da2dd9d6a45399963465b26d5ca7d71f01"

mime-types@^2.1.12, mime-types@~2.1.17:
  version "2.1.17"
  resolved "http://registry.npm.taobao.org/mime-types/download/mime-types-2.1.17.tgz#09d7a393f03e995a79f8af857b70a9e0ab16557a"
  dependencies:
    mime-db "~1.30.0"

minimist@0.0.8:
  version "0.0.8"
  resolved "http://registry.npm.taobao.org/minimist/download/minimist-0.0.8.tgz#857fcabfc3397d2625b8228262e86aa7a011b05d"

minimist@~0.0.1:
  version "0.0.10"
  resolved "http://registry.npm.taobao.org/minimist/download/minimist-0.0.10.tgz#de3f98543dbf96082be48ad1a0c7cda836301dcf"

mkdirp@0.5.1, mkdirp@^0.5.0:
  version "0.5.1"
  resolved "http://registry.npm.taobao.org/mkdirp/download/mkdirp-0.5.1.tgz#30057438eac6cf7f8c4767f38648d6697d75c903"
  dependencies:
    minimist "0.0.8"

ms@2.0.0:
  version "2.0.0"
  resolved "http://registry.npm.taobao.org/ms/download/ms-2.0.0.tgz#5608aeadfc00be6c2901df5f9861788de0d597c8"

no-case@^2.2.0:
  version "2.3.2"
  resolved "http://registry.npm.taobao.org/no-case/download/no-case-2.3.2.tgz#60b813396be39b3f1288a4c1ed5d1e7d28b464ac"
  dependencies:
    lower-case "^1.1.1"

oauth-sign@~0.8.2:
  version "0.8.2"
  resolved "http://registry.npm.taobao.org/oauth-sign/download/oauth-sign-0.8.2.tgz#46a6ab7f0aead8deae9ec0565780b7d4efeb9d43"

ono@^2.2.1:
  version "2.2.5"
  resolved "http://registry.npm.taobao.org/ono/download/ono-2.2.5.tgz#daf09488b51174da7a7e4275dfab31b438ffa0e3"

ono@^4.0.2:
  version "4.0.3"
  resolved "http://registry.npm.taobao.org/ono/download/ono-4.0.3.tgz#b36050f71b02841bfb59f368deab8b07375e2219"
  dependencies:
    format-util "^1.0.3"

optimist@^0.6.1:
  version "0.6.1"
  resolved "http://registry.npm.taobao.org/optimist/download/optimist-0.6.1.tgz#da3ea74686fa21a19a111c326e90eb15a0196686"
  dependencies:
    minimist "~0.0.1"
    wordwrap "~0.0.2"

param-case@^2.1.0:
  version "2.1.1"
  resolved "http://registry.npm.taobao.org/param-case/download/param-case-2.1.1.tgz#df94fd8cf6531ecf75e6bef9a0858fbc72be2247"
  dependencies:
    no-case "^2.2.0"

pascal-case@^2.0.0:
  version "2.0.1"
  resolved "http://registry.npm.taobao.org/pascal-case/download/pascal-case-2.0.1.tgz#2d578d3455f660da65eca18ef95b4e0de912761e"
  dependencies:
    camel-case "^3.0.0"
    upper-case-first "^1.1.0"

path-case@^2.1.0:
  version "2.1.1"
  resolved "http://registry.npm.taobao.org/path-case/download/path-case-2.1.1.tgz#94b8037c372d3fe2906e465bb45e25d226e8eea5"
  dependencies:
    no-case "^2.2.0"

performance-now@^2.1.0:
  version "2.1.0"
  resolved "http://registry.npm.taobao.org/performance-now/download/performance-now-2.1.0.tgz#6309f4e0e5fa913ec1c69307ae364b4b377c9e7b"

pluralize@7.0.0:
  version "7.0.0"
  resolved "http://registry.npm.taobao.org/pluralize/download/pluralize-7.0.0.tgz#298b89df8b93b0221dbf421ad2b1b1ea23fc6777"

pretty-data@^0.40.0:
  version "0.40.0"
  resolved "http://registry.npm.taobao.org/pretty-data/download/pretty-data-0.40.0.tgz#572aa8ea23467467ab94b6b5266a6fd9c8fddd72"

promise-polyfill@6.0.2:
  version "6.0.2"
  resolved "http://registry.npm.taobao.org/promise-polyfill/download/promise-polyfill-6.0.2.tgz#d9c86d3dc4dc2df9016e88946defd69b49b41162"

punycode@^1.4.1:
  version "1.4.1"
  resolved "http://registry.npm.taobao.org/punycode/download/punycode-1.4.1.tgz#c0d5a63b2718800ad8e1eb0fa5269c84dd41845e"

q@1.5.0:
  version "1.5.0"
  resolved "http://registry.npm.taobao.org/q/download/q-1.5.0.tgz#dd01bac9d06d30e6f219aecb8253ee9ebdc308f1"

qs@~6.5.1:
  version "6.5.1"
  resolved "http://registry.npm.taobao.org/qs/download/qs-6.5.1.tgz#349cdf6eef89ec45c12d7d5eb3fc0c870343a6d8"

raml-1-parser@1.1.x:
  version "1.1.40"
  resolved "http://registry.npm.taobao.org/raml-1-parser/download/raml-1-parser-1.1.40.tgz#21d3988ec7fe2d9b45a5dced241c23cfe13866a1"
  dependencies:
    base64url "2.0.0"
    change-case "3.0.1"
    fs-extra "4.0.2"
    http-response-object "2.0.3"
    invariant "2.2.2"
    json-path "0.1.3"
    json-schema-compatibility "1.1.0"
    json-stable-stringify "1.0.1"
    loophole "1.1.0"
    lrucache "1.0.3"
    media-typer "0.3.0"
    mkdirp "0.5.1"
    pluralize "7.0.0"
    promise-polyfill "6.0.2"
    q "1.5.0"
    raml-definition-system "0.0.78"
    ts-model "0.0.17"
    ts-structure-parser "0.0.16"
    typescript-compiler "1.4.1-2"
    underscore "1.8.3"
    xhr2 "0.1.4"
    xmldom "0.1.27"
    xmlhttprequest "1.8.0"
    yaml-ast-parser "0.0.40"
    z-schema "3.18.4"

raml-definition-system@0.0.78:
  version "0.0.78"
  resolved "http://registry.npm.taobao.org/raml-definition-system/download/raml-definition-system-0.0.78.tgz#37d1fba3cb527c5d27f6446e17cd45bb05379f98"
  dependencies:
    know-your-http-well "0.5.0"
    raml-typesystem "0.0.83"
    ts-structure-parser "0.0.16"
    underscore "1.8.3"

raml-json-validation@0.0.16:
  version "0.0.16"
  resolved "http://registry.npm.taobao.org/raml-json-validation/download/raml-json-validation-0.0.16.tgz#e7b8e94728977e74a9dc1332eafe4842a0902a1b"
  dependencies:
    z-schema "3.18.4"

raml-typesystem@0.0.83:
  version "0.0.83"
  resolved "http://registry.npm.taobao.org/raml-typesystem/download/raml-typesystem-0.0.83.tgz#fa4f49e305f7b721b1a929be4115b5d5bdfd5401"
  dependencies:
    bignumber.js "4.1.0"
    date-and-time "0.5.0"
    json-schema-compatibility "1.1.0"
    json-to-ast "2.0.0-alpha1.3"
    lrucache "1.0.3"
    underscore "1.8.3"
    xml2js "0.4.19"
    xmldom "0.1.27"
  optionalDependencies:
    raml-json-validation "0.0.16"
    raml-xml-validation "0.0.14"

raml-xml-validation@0.0.14:
  version "0.0.14"
  resolved "http://registry.npm.taobao.org/raml-xml-validation/download/raml-xml-validation-0.0.14.tgz#9b768bfc3f570acd42e12c4fb2cdf5174d273066"
  dependencies:
    xmllint-jsparser "0.0.3"

request@2.x.x, request@^2.47.0:
  version "2.83.0"
  resolved "http://registry.npm.taobao.org/request/download/request-2.83.0.tgz#ca0b65da02ed62935887808e6f510381034e3356"
  dependencies:
    aws-sign2 "~0.7.0"
    aws4 "^1.6.0"
    caseless "~0.12.0"
    combined-stream "~1.0.5"
    extend "~3.0.1"
    forever-agent "~0.6.1"
    form-data "~2.3.1"
    har-validator "~5.0.3"
    hawk "~6.0.2"
    http-signature "~1.2.0"
    is-typedarray "~1.0.0"
    isstream "~0.1.2"
    json-stringify-safe "~5.0.1"
    mime-types "~2.1.17"
    oauth-sign "~0.8.2"
    performance-now "^2.1.0"
    qs "~6.5.1"
    safe-buffer "^5.1.1"
    stringstream "~0.0.5"
    tough-cookie "~2.3.3"
    tunnel-agent "^0.6.0"
    uuid "^3.1.0"

safe-buffer@^5.0.1, safe-buffer@^5.1.1:
  version "5.1.1"
  resolved "http://registry.npm.taobao.org/safe-buffer/download/safe-buffer-5.1.1.tgz#893312af69b2123def71f57889001671eeb2c853"

sax@>=0.6.0:
  version "1.2.4"
  resolved "http://registry.npm.taobao.org/sax/download/sax-1.2.4.tgz#2816234e2378bddc4e5354fab5caa895df7100d9"

sentence-case@^2.1.0:
  version "2.1.1"
  resolved "http://registry.npm.taobao.org/sentence-case/download/sentence-case-2.1.1.tgz#1f6e2dda39c168bf92d13f86d4a918933f667ed4"
  dependencies:
    no-case "^2.2.0"
    upper-case-first "^1.1.2"

snake-case@^2.1.0:
  version "2.1.0"
  resolved "http://registry.npm.taobao.org/snake-case/download/snake-case-2.1.0.tgz#41bdb1b73f30ec66a04d4e2cad1b76387d4d6d9f"
  dependencies:
    no-case "^2.2.0"

sntp@2.x.x:
  version "2.1.0"
  resolved "http://registry.npm.taobao.org/sntp/download/sntp-2.1.0.tgz#2c6cec14fedc2222739caf9b5c3d85d1cc5a2cc8"
  dependencies:
    hoek "4.x.x"

sprintf-js@~1.0.2:
  version "1.0.3"
  resolved "http://registry.npm.taobao.org/sprintf-js/download/sprintf-js-1.0.3.tgz#04e6926f662895354f3dd015203633b857297e2c"

sshpk@^1.7.0:
  version "1.13.1"
  resolved "http://registry.npm.taobao.org/sshpk/download/sshpk-1.13.1.tgz#512df6da6287144316dc4c18fe1cf1d940739be3"
  dependencies:
    asn1 "~0.2.3"
    assert-plus "^1.0.0"
    dashdash "^1.12.0"
    getpass "^0.1.1"
  optionalDependencies:
    bcrypt-pbkdf "^1.0.0"
    ecc-jsbn "~0.1.1"
    jsbn "~0.1.0"
    tweetnacl "~0.14.0"

stringstream@~0.0.5:
  version "0.0.5"
  resolved "http://registry.npm.taobao.org/stringstream/download/stringstream-0.0.5.tgz#4e484cd4de5a0bbbee18e46307710a8a81621878"

swagger-methods@^1.0.0:
  version "1.0.4"
  resolved "http://registry.npm.taobao.org/swagger-methods/download/swagger-methods-1.0.4.tgz#2c5b844f4a22ab2f5e773f98193c28e386b1c37e"

swagger-parser@4.0.0-beta.2:
  version "4.0.0-beta.2"
  resolved "http://registry.npm.taobao.org/swagger-parser/download/swagger-parser-4.0.0-beta.2.tgz#a9185c4f7c31f9fe75181a9137330d4195e9fb5f"
  dependencies:
    call-me-maybe "^1.0.1"
    debug "^2.2.0"
    es6-promise "^3.1.2"
    json-schema-ref-parser "^3.1.1"
    ono "^2.2.1"
    swagger-methods "^1.0.0"
    swagger-schema-official "2.0.0-bab6bed"
    z-schema "^3.17.0"

swagger-schema-official@2.0.0-bab6bed:
  version "2.0.0-bab6bed"
  resolved "http://registry.npm.taobao.org/swagger-schema-official/download/swagger-schema-official-2.0.0-bab6bed.tgz#70070468d6d2977ca5237b2e519ca7d06a2ea3fd"

swap-case@^1.1.0:
  version "1.1.2"
  resolved "http://registry.npm.taobao.org/swap-case/download/swap-case-1.1.2.tgz#c39203a4587385fad3c850a0bd1bcafa081974e3"
  dependencies:
    lower-case "^1.1.1"
    upper-case "^1.1.1"

title-case@^2.1.0:
  version "2.1.1"
  resolved "http://registry.npm.taobao.org/title-case/download/title-case-2.1.1.tgz#3e127216da58d2bc5becf137ab91dae3a7cd8faa"
  dependencies:
    no-case "^2.2.0"
    upper-case "^1.0.3"

tough-cookie@~2.3.3:
  version "2.3.3"
  resolved "http://registry.npm.taobao.org/tough-cookie/download/tough-cookie-2.3.3.tgz#0b618a5565b6dea90bf3425d04d55edc475a7561"
  dependencies:
    punycode "^1.4.1"

ts-model@0.0.17:
  version "0.0.17"
  resolved "http://registry.npm.taobao.org/ts-model/download/ts-model-0.0.17.tgz#f8224ebfa01bdc29e9d0a9152b5c9b607fd65722"
  dependencies:
    underscore "1.8.3"

ts-structure-parser@0.0.16:
  version "0.0.16"
  resolved "http://registry.npm.taobao.org/ts-structure-parser/download/ts-structure-parser-0.0.16.tgz#54362474cc8caf2cf3f98996f1e2b624e51c372e"
  dependencies:
    typescript "2.5.2"
    underscore "1.8.3"

tunnel-agent@^0.6.0:
  version "0.6.0"
  resolved "http://registry.npm.taobao.org/tunnel-agent/download/tunnel-agent-0.6.0.tgz#27a5dea06b36b04a0a9966774b290868f0fc40fd"
  dependencies:
    safe-buffer "^5.0.1"

tweetnacl@^0.14.3, tweetnacl@~0.14.0:
  version "0.14.5"
  resolved "http://registry.npm.taobao.org/tweetnacl/download/tweetnacl-0.14.5.tgz#5ae68177f192d4456269d108afa93ff8743f4f64"

typescript-compiler@1.4.1-2:
  version "1.4.1-2"
  resolved "http://registry.npm.taobao.org/typescript-compiler/download/typescript-compiler-1.4.1-2.tgz#ba4f7db22d91534a1929d90009dce161eb72fd3f"

typescript@2.5.2:
  version "2.5.2"
  resolved "http://registry.npm.taobao.org/typescript/download/typescript-2.5.2.tgz#038a95f7d9bbb420b1bf35ba31d4c5c1dd3ffe34"

underscore@1.8.3:
  version "1.8.3"
  resolved "http://registry.npm.taobao.org/underscore/download/underscore-1.8.3.tgz#4f3fb53b106e6097fcf9cb4109f2a5e9bdfa5022"

universalify@^0.1.0:
  version "0.1.1"
  resolved "http://registry.npm.taobao.org/universalify/download/universalify-0.1.1.tgz#fa71badd4437af4c148841e3b3b165f9e9e590b7"

upper-case-first@^1.1.0, upper-case-first@^1.1.2:
  version "1.1.2"
  resolved "http://registry.npm.taobao.org/upper-case-first/download/upper-case-first-1.1.2.tgz#5d79bedcff14419518fd2edb0a0507c9b6859115"
  dependencies:
    upper-case "^1.1.1"

upper-case@^1.0.3, upper-case@^1.1.0, upper-case@^1.1.1, upper-case@^1.1.3:
  version "1.1.3"
  resolved "http://registry.npm.taobao.org/upper-case/download/upper-case-1.1.3.tgz#f6b4501c2ec4cdd26ba78be7222961de77621598"

uuid@^3.1.0:
  version "3.2.1"
  resolved "http://registry.npm.taobao.org/uuid/download/uuid-3.2.1.tgz#12c528bb9d58d0b9265d9a2f6f0fe8be17ff1f14"

validator@^8.0.0:
  version "8.2.0"
  resolved "http://registry.npm.taobao.org/validator/download/validator-8.2.0.tgz#3c1237290e37092355344fef78c231249dab77b9"

validator@^9.0.0:
  version "9.4.0"
  resolved "http://registry.npm.taobao.org/validator/download/validator-9.4.0.tgz#c503ef88f7e6b8fb7688599267b309482d81ae60"

verror@1.10.0:
  version "1.10.0"
  resolved "http://registry.npm.taobao.org/verror/download/verror-1.10.0.tgz#3a105ca17053af55d6e270c1f8288682e18da400"
  dependencies:
    assert-plus "^1.0.0"
    core-util-is "1.0.2"
    extsprintf "^1.2.0"

wordwrap@~0.0.2:
  version "0.0.3"
  resolved "http://registry.npm.taobao.org/wordwrap/download/wordwrap-0.0.3.tgz#a3d5da6cd5c0bc0008d37234bbaf1bed63059107"

xhr2@0.1.4:
  version "0.1.4"
  resolved "http://registry.npm.taobao.org/xhr2/download/xhr2-0.1.4.tgz#7f87658847716db5026323812f818cadab387a5f"

xml2js@0.4.19:
  version "0.4.19"
  resolved "http://registry.npm.taobao.org/xml2js/download/xml2js-0.4.19.tgz#686c20f213209e94abf0d1bcf1efaa291c7827a7"
  dependencies:
    sax ">=0.6.0"
    xmlbuilder "~9.0.1"

xmlbuilder@~9.0.1:
  version "9.0.4"
  resolved "http://registry.npm.taobao.org/xmlbuilder/download/xmlbuilder-9.0.4.tgz#519cb4ca686d005a8420d3496f3f0caeecca580f"

xmldom@0.1.27:
  version "0.1.27"
  resolved "http://registry.npm.taobao.org/xmldom/download/xmldom-0.1.27.tgz#d501f97b3bdb403af8ef9ecc20573187aadac0e9"

xmlhttprequest@1.8.0:
  version "1.8.0"
  resolved "http://registry.npm.taobao.org/xmlhttprequest/download/xmlhttprequest-1.8.0.tgz#67fe075c5c24fef39f9d65f5f7b7fe75171968fc"

xmllint-jsparser@0.0.3:
  version "0.0.3"
  resolved "http://registry.npm.taobao.org/xmllint-jsparser/download/xmllint-jsparser-0.0.3.tgz#68b051343917da95f77b7a0c7a0fbb400175e366"

yaml-ast-parser@0.0.40:
  version "0.0.40"
  resolved "http://registry.npm.taobao.org/yaml-ast-parser/download/yaml-ast-parser-0.0.40.tgz#08536d4e73d322b1c9ce207ab8dd70e04d20ae6e"

z-schema@3.18.4:
  version "3.18.4"
  resolved "http://registry.npm.taobao.org/z-schema/download/z-schema-3.18.4.tgz#ea8132b279533ee60be2485a02f7e3e42541a9a2"
  dependencies:
    lodash.get "^4.0.0"
    lodash.isequal "^4.0.0"
    validator "^8.0.0"
  optionalDependencies:
    commander "^2.7.1"

z-schema@^3.17.0, z-schema@^3.18.2:
  version "3.19.0"
  resolved "http://registry.npm.taobao.org/z-schema/download/z-schema-3.19.0.tgz#d86e90e5d02113c7b8824ae477dd57208d17a5a8"
  dependencies:
    lodash.get "^4.0.0"
    lodash.isequal "^4.0.0"
    validator "^9.0.0"
  optionalDependencies:
    commander "^2.7.1"
